
Microsoft Visual Studio Solution File, Format Version 12.00
# Visual Studio Version 17
VisualStudioVersion = 17.10.34707.107
MinimumVisualStudioVersion = 10.0.40219.1
Project("{FAE04EC0-301F-11D3-BF4B-00C04F79EFBC}") = "Circulo", "Circulo\Circulo.csproj", "{E2EA6B78-7CF9-41D9-8B13-2BEDAB3785D7}"
EndProject
Global
	GlobalSection(SolutionConfigurationPlatforms) = preSolution
		Debug|Any CPU = Debug|Any CPU
		Release|Any CPU = Release|Any CPU
	EndGlobalSection
	GlobalSection(ProjectConfigurationPlatforms) = postSolution
		{E2EA6B78-7CF9-41D9-8B13-2BEDAB3785D7}.Debug|Any CPU.ActiveCfg = Debug|Any CPU
		{E2EA6B78-7CF9-41D9-8B13-2BEDAB3785D7}.Debug|Any CPU.Build.0 = Debug|Any CPU
		{E2EA6B78-7CF9-41D9-8B13-2BEDAB3785D7}.Release|Any CPU.ActiveCfg = Release|Any CPU
		{E2EA6B78-7CF9-41D9-8B13-2BEDAB3785D7}.Release|Any CPU.Build.0 = Release|Any CPU
	EndGlobalSection
	GlobalSection(SolutionProperties) = preSolution
		HideSolutionNode = FALSE
	EndGlobalSection
	GlobalSection(ExtensibilityGlobals) = postSolution
		SolutionGuid = {1200F078-D6B3-4CB3-B99F-99BA15FFAD12}
	EndGlobalSection
EndGlobal
