
Microsoft Visual Studio Solution File, Format Version 12.00
# Visual Studio Version 17
VisualStudioVersion = 17.10.34707.107
MinimumVisualStudioVersion = 10.0.40219.1
Project("{FAE04EC0-301F-11D3-BF4B-00C04F79EFBC}") = "Determinar y", "Determinar y\Determinar y.csproj", "{D4688D28-DAAD-4067-B918-500C06297251}"
EndProject
Global
	GlobalSection(SolutionConfigurationPlatforms) = preSolution
		Debug|Any CPU = Debug|Any CPU
		Release|Any CPU = Release|Any CPU
	EndGlobalSection
	GlobalSection(ProjectConfigurationPlatforms) = postSolution
		{D4688D28-DAAD-4067-B918-500C06297251}.Debug|Any CPU.ActiveCfg = Debug|Any CPU
		{D4688D28-DAAD-4067-B918-500C06297251}.Debug|Any CPU.Build.0 = Debug|Any CPU
		{D4688D28-DAAD-4067-B918-500C06297251}.Release|Any CPU.ActiveCfg = Release|Any CPU
		{D4688D28-DAAD-4067-B918-500C06297251}.Release|Any CPU.Build.0 = Release|Any CPU
	EndGlobalSection
	GlobalSection(SolutionProperties) = preSolution
		HideSolutionNode = FALSE
	EndGlobalSection
	GlobalSection(ExtensibilityGlobals) = postSolution
		SolutionGuid = {9CCACBF0-7049-457D-8CA3-9D8D154C8575}
	EndGlobalSection
EndGlobal
