
Microsoft Visual Studio Solution File, Format Version 12.00
# Visual Studio Version 17
VisualStudioVersion = 17.10.34707.107
MinimumVisualStudioVersion = 10.0.40219.1
Project("{FAE04EC0-301F-11D3-BF4B-00C04F79EFBC}") = "Volumen", "Volumen\Volumen.csproj", "{865EB7D2-4115-4364-A58C-B76500920F25}"
EndProject
Global
	GlobalSection(SolutionConfigurationPlatforms) = preSolution
		Debug|Any CPU = Debug|Any CPU
		Release|Any CPU = Release|Any CPU
	EndGlobalSection
	GlobalSection(ProjectConfigurationPlatforms) = postSolution
		{865EB7D2-4115-4364-A58C-B76500920F25}.Debug|Any CPU.ActiveCfg = Debug|Any CPU
		{865EB7D2-4115-4364-A58C-B76500920F25}.Debug|Any CPU.Build.0 = Debug|Any CPU
		{865EB7D2-4115-4364-A58C-B76500920F25}.Release|Any CPU.ActiveCfg = Release|Any CPU
		{865EB7D2-4115-4364-A58C-B76500920F25}.Release|Any CPU.Build.0 = Release|Any CPU
	EndGlobalSection
	GlobalSection(SolutionProperties) = preSolution
		HideSolutionNode = FALSE
	EndGlobalSection
	GlobalSection(ExtensibilityGlobals) = postSolution
		SolutionGuid = {DFC084B5-2665-456D-BF6C-9733FC21EA81}
	EndGlobalSection
EndGlobal
